// !$*UTF8*$!
{
	archiveVersion = 1;
	classes = {
	};
	objectVersion = 46;
	objects = {

/* Begin PBXBuildFile section */
		EF8A1FA71F02B19300E526B3 /* main.m in Sources */ = {isa = PBXBuildFile; fileRef = EF8A1FA61F02B19300E526B3 /* main.m */; };
		EF8A1FAA1F02B19300E526B3 /* AppDelegate.m in Sources */ = {isa = PBXBuildFile; fileRef = EF8A1FA91F02B19300E526B3 /* AppDelegate.m */; };
		EF8A1FAD1F02B19300E526B3 /* ViewController.m in Sources */ = {isa = PBXBuildFile; fileRef = EF8A1FAC1F02B19300E526B3 /* ViewController.m */; };
		EF8A1FB01F02B19300E526B3 /* Main.storyboard in Resources */ = {isa = PBXBuildFile; fileRef = EF8A1FAE1F02B19300E526B3 /* Main.storyboard */; };
		EF8A1FB21F02B19300E526B3 /* Assets.xcassets in Resources */ = {isa = PBXBuildFile; fileRef = EF8A1FB11F02B19300E526B3 /* Assets.xcassets */; };
		EF8A1FB51F02B19300E526B3 /* LaunchScreen.storyboard in Resources */ = {isa = PBXBuildFile; fileRef = EF8A1FB31F02B19300E526B3 /* LaunchScreen.storyboard */; };
		EF8A1FC01F02B19300E526B3 /* SDChatTests.m in Sources */ = {isa = PBXBuildFile; fileRef = EF8A1FBF1F02B19300E526B3 /* SDChatTests.m */; };
		EF8A1FCB1F02B19300E526B3 /* SDChatUITests.m in Sources */ = {isa = PBXBuildFile; fileRef = EF8A1FCA1F02B19300E526B3 /* SDChatUITests.m */; };
		EFF0E4B61F03E9E2008A337A /* SDChatViewController.m in Sources */ = {isa = PBXBuildFile; fileRef = EFF0E47C1F03E9E2008A337A /* SDChatViewController.m */; };
		EFF0E4B71F03E9E2008A337A /* SDChatMessageConst.m in Sources */ = {isa = PBXBuildFile; fileRef = EFF0E47F1F03E9E2008A337A /* SDChatMessageConst.m */; };
		EFF0E4B81F03E9E2008A337A /* SDChatDetail.m in Sources */ = {isa = PBXBuildFile; fileRef = EFF0E4831F03E9E2008A337A /* SDChatDetail.m */; };
		EFF0E4B91F03E9E2008A337A /* SDChatDetailFrame.m in Sources */ = {isa = PBXBuildFile; fileRef = EFF0E4851F03E9E2008A337A /* SDChatDetailFrame.m */; };
		EFF0E4BA1F03E9E2008A337A /* SDChatMessage.m in Sources */ = {isa = PBXBuildFile; fileRef = EFF0E4871F03E9E2008A337A /* SDChatMessage.m */; };
		EFF0E4BB1F03E9E2008A337A /* SDChat.m in Sources */ = {isa = PBXBuildFile; fileRef = EFF0E48A1F03E9E2008A337A /* SDChat.m */; };
		EFF0E4BC1F03E9E2008A337A /* SDFaceModel.m in Sources */ = {isa = PBXBuildFile; fileRef = EFF0E48D1F03E9E2008A337A /* SDFaceModel.m */; };
		EFF0E4BD1F03E9E2008A337A /* NSString+Emoji.m in Sources */ = {isa = PBXBuildFile; fileRef = EFF0E4901F03E9E2008A337A /* NSString+Emoji.m */; };
		EFF0E4BE1F03E9E2008A337A /* SDFaceArrTool.m in Sources */ = {isa = PBXBuildFile; fileRef = EFF0E4921F03E9E2008A337A /* SDFaceArrTool.m */; };
		EFF0E4C01F03E9E2008A337A /* SDChatDetailViewController.m in Sources */ = {isa = PBXBuildFile; fileRef = EFF0E4971F03E9E2008A337A /* SDChatDetailViewController.m */; };
		EFF0E4C11F03E9E2008A337A /* SDChatAddFileKeyBoardView.m in Sources */ = {isa = PBXBuildFile; fileRef = EFF0E49A1F03E9E2008A337A /* SDChatAddFileKeyBoardView.m */; };
		EFF0E4C21F03E9E2008A337A /* SDChatConnectionTableViewCell.m in Sources */ = {isa = PBXBuildFile; fileRef = EFF0E49C1F03E9E2008A337A /* SDChatConnectionTableViewCell.m */; };
		EFF0E4C31F03E9E2008A337A /* SDChatDetailTableView.m in Sources */ = {isa = PBXBuildFile; fileRef = EFF0E49E1F03E9E2008A337A /* SDChatDetailTableView.m */; };
		EFF0E4C41F03E9E2008A337A /* SDChatDetailTableViewCell.m in Sources */ = {isa = PBXBuildFile; fileRef = EFF0E4A01F03E9E2008A337A /* SDChatDetailTableViewCell.m */; };
		EFF0E4C51F03E9E2008A337A /* SDChatAddFacekeyBoardView.m in Sources */ = {isa = PBXBuildFile; fileRef = EFF0E4A31F03E9E2008A337A /* SDChatAddFacekeyBoardView.m */; };
		EFF0E4C61F03E9E2008A337A /* SDFaceListView.m in Sources */ = {isa = PBXBuildFile; fileRef = EFF0E4A51F03E9E2008A337A /* SDFaceListView.m */; };
		EFF0E4C71F03E9E2008A337A /* SDFaceToolBar.m in Sources */ = {isa = PBXBuildFile; fileRef = EFF0E4A71F03E9E2008A337A /* SDFaceToolBar.m */; };
		EFF0E4C81F03E9E2008A337A /* SDFaceView.m in Sources */ = {isa = PBXBuildFile; fileRef = EFF0E4A91F03E9E2008A337A /* SDFaceView.m */; };
		EFF0E4C91F03E9E2008A337A /* SDFaceViewBtn.m in Sources */ = {isa = PBXBuildFile; fileRef = EFF0E4AB1F03E9E2008A337A /* SDFaceViewBtn.m */; };
		EFF0E4CA1F03E9E2008A337A /* SDChatInputView.m in Sources */ = {isa = PBXBuildFile; fileRef = EFF0E4AD1F03E9E2008A337A /* SDChatInputView.m */; };
		EFF0E4CD1F03E9E2008A337A /* SDChatTableView.m in Sources */ = {isa = PBXBuildFile; fileRef = EFF0E4B31F03E9E2008A337A /* SDChatTableView.m */; };
		EFF0E4CE1F03E9E2008A337A /* SDChatTableViewCell.m in Sources */ = {isa = PBXBuildFile; fileRef = EFF0E4B51F03E9E2008A337A /* SDChatTableViewCell.m */; };
		EFF0E4DF1F03F25C008A337A /* NSArray+NSLogLocale.m in Sources */ = {isa = PBXBuildFile; fileRef = EFF0E4D21F03F25C008A337A /* NSArray+NSLogLocale.m */; };
		EFF0E4E01F03F25C008A337A /* NSDictionary+ChinesePrint.m in Sources */ = {isa = PBXBuildFile; fileRef = EFF0E4D41F03F25C008A337A /* NSDictionary+ChinesePrint.m */; };
		EFF0E4E11F03F25C008A337A /* UIBarButtonItem+Extension.m in Sources */ = {isa = PBXBuildFile; fileRef = EFF0E4D61F03F25C008A337A /* UIBarButtonItem+Extension.m */; };
		EFF0E4E21F03F25C008A337A /* UIButton+buton_Text.m in Sources */ = {isa = PBXBuildFile; fileRef = EFF0E4D81F03F25C008A337A /* UIButton+buton_Text.m */; };
		EFF0E4E31F03F25C008A337A /* UIColor+UIColor_Hex.m in Sources */ = {isa = PBXBuildFile; fileRef = EFF0E4DA1F03F25C008A337A /* UIColor+UIColor_Hex.m */; };
		EFF0E4E41F03F25C008A337A /* UIImage+YFResizing.m in Sources */ = {isa = PBXBuildFile; fileRef = EFF0E4DC1F03F25C008A337A /* UIImage+YFResizing.m */; };
		EFF0E4E51F03F25C008A337A /* UIView+Extension.m in Sources */ = {isa = PBXBuildFile; fileRef = EFF0E4DE1F03F25C008A337A /* UIView+Extension.m */; };
		EFF0E5001F03FBA0008A337A /* LICENSE in Resources */ = {isa = PBXBuildFile; fileRef = EFF0E4E81F03FBA0008A337A /* LICENSE */; };
		EFF0E5011F03FBA0008A337A /* MJExtensionConst.m in Sources */ = {isa = PBXBuildFile; fileRef = EFF0E4EC1F03FBA0008A337A /* MJExtensionConst.m */; };
		EFF0E5021F03FBA0008A337A /* MJFoundation.m in Sources */ = {isa = PBXBuildFile; fileRef = EFF0E4EE1F03FBA0008A337A /* MJFoundation.m */; };
		EFF0E5031F03FBA0008A337A /* MJProperty.m in Sources */ = {isa = PBXBuildFile; fileRef = EFF0E4F01F03FBA0008A337A /* MJProperty.m */; };
		EFF0E5041F03FBA0008A337A /* MJPropertyKey.m in Sources */ = {isa = PBXBuildFile; fileRef = EFF0E4F21F03FBA0008A337A /* MJPropertyKey.m */; };
		EFF0E5051F03FBA0008A337A /* MJPropertyType.m in Sources */ = {isa = PBXBuildFile; fileRef = EFF0E4F41F03FBA0008A337A /* MJPropertyType.m */; };
		EFF0E5061F03FBA0008A337A /* NSObject+MJClass.m in Sources */ = {isa = PBXBuildFile; fileRef = EFF0E4F61F03FBA0008A337A /* NSObject+MJClass.m */; };
		EFF0E5071F03FBA0008A337A /* NSObject+MJCoding.m in Sources */ = {isa = PBXBuildFile; fileRef = EFF0E4F81F03FBA0008A337A /* NSObject+MJCoding.m */; };
		EFF0E5081F03FBA0008A337A /* NSObject+MJKeyValue.m in Sources */ = {isa = PBXBuildFile; fileRef = EFF0E4FA1F03FBA0008A337A /* NSObject+MJKeyValue.m */; };
		EFF0E5091F03FBA0008A337A /* NSObject+MJProperty.m in Sources */ = {isa = PBXBuildFile; fileRef = EFF0E4FC1F03FBA0008A337A /* NSObject+MJProperty.m */; };
		EFF0E50A1F03FBA0008A337A /* NSString+MJExtension.m in Sources */ = {isa = PBXBuildFile; fileRef = EFF0E4FE1F03FBA0008A337A /* NSString+MJExtension.m */; };
		EFF0E50B1F03FBA0008A337A /* README.md in Sources */ = {isa = PBXBuildFile; fileRef = EFF0E4FF1F03FBA0008A337A /* README.md */; };
/* End PBXBuildFile section */

/* Begin PBXContainerItemProxy section */
		EF8A1FBC1F02B19300E526B3 /* PBXContainerItemProxy */ = {
			isa = PBXContainerItemProxy;
			containerPortal = EF8A1F9A1F02B19300E526B3 /* Project object */;
			proxyType = 1;
			remoteGlobalIDString = EF8A1FA11F02B19300E526B3;
			remoteInfo = SDChat;
		};
		EF8A1FC71F02B19300E526B3 /* PBXContainerItemProxy */ = {
			isa = PBXContainerItemProxy;
			containerPortal = EF8A1F9A1F02B19300E526B3 /* Project object */;
			proxyType = 1;
			remoteGlobalIDString = EF8A1FA11F02B19300E526B3;
			remoteInfo = SDChat;
		};
/* End PBXContainerItemProxy section */

/* Begin PBXFileReference section */
		EF8A1FA21F02B19300E526B3 /* SDChat.app */ = {isa = PBXFileReference; explicitFileType = wrapper.application; includeInIndex = 0; path = SDChat.app; sourceTree = BUILT_PRODUCTS_DIR; };
		EF8A1FA61F02B19300E526B3 /* main.m */ = {isa = PBXFileReference; lastKnownFileType = sourcecode.c.objc; path = main.m; sourceTree = "<group>"; };
		EF8A1FA81F02B19300E526B3 /* AppDelegate.h */ = {isa = PBXFileReference; lastKnownFileType = sourcecode.c.h; path = AppDelegate.h; sourceTree = "<group>"; };
		EF8A1FA91F02B19300E526B3 /* AppDelegate.m */ = {isa = PBXFileReference; lastKnownFileType = sourcecode.c.objc; path = AppDelegate.m; sourceTree = "<group>"; };
		EF8A1FAB1F02B19300E526B3 /* ViewController.h */ = {isa = PBXFileReference; lastKnownFileType = sourcecode.c.h; path = ViewController.h; sourceTree = "<group>"; };
		EF8A1FAC1F02B19300E526B3 /* ViewController.m */ = {isa = PBXFileReference; lastKnownFileType = sourcecode.c.objc; path = ViewController.m; sourceTree = "<group>"; };
		EF8A1FAF1F02B19300E526B3 /* Base */ = {isa = PBXFileReference; lastKnownFileType = file.storyboard; name = Base; path = Base.lproj/Main.storyboard; sourceTree = "<group>"; };
		EF8A1FB11F02B19300E526B3 /* Assets.xcassets */ = {isa = PBXFileReference; lastKnownFileType = folder.assetcatalog; path = Assets.xcassets; sourceTree = "<group>"; };
		EF8A1FB41F02B19300E526B3 /* Base */ = {isa = PBXFileReference; lastKnownFileType = file.storyboard; name = Base; path = Base.lproj/LaunchScreen.storyboard; sourceTree = "<group>"; };
		EF8A1FB61F02B19300E526B3 /* Info.plist */ = {isa = PBXFileReference; lastKnownFileType = text.plist.xml; path = Info.plist; sourceTree = "<group>"; };
		EF8A1FBB1F02B19300E526B3 /* SDChatTests.xctest */ = {isa = PBXFileReference; explicitFileType = wrapper.cfbundle; includeInIndex = 0; path = SDChatTests.xctest; sourceTree = BUILT_PRODUCTS_DIR; };
		EF8A1FBF1F02B19300E526B3 /* SDChatTests.m */ = {isa = PBXFileReference; lastKnownFileType = sourcecode.c.objc; path = SDChatTests.m; sourceTree = "<group>"; };
		EF8A1FC11F02B19300E526B3 /* Info.plist */ = {isa = PBXFileReference; lastKnownFileType = text.plist.xml; path = Info.plist; sourceTree = "<group>"; };
		EF8A1FC61F02B19300E526B3 /* SDChatUITests.xctest */ = {isa = PBXFileReference; explicitFileType = wrapper.cfbundle; includeInIndex = 0; path = SDChatUITests.xctest; sourceTree = BUILT_PRODUCTS_DIR; };
		EF8A1FCA1F02B19300E526B3 /* SDChatUITests.m */ = {isa = PBXFileReference; lastKnownFileType = sourcecode.c.objc; path = SDChatUITests.m; sourceTree = "<group>"; };
		EF8A1FCC1F02B19300E526B3 /* Info.plist */ = {isa = PBXFileReference; lastKnownFileType = text.plist.xml; path = Info.plist; sourceTree = "<group>"; };
		EF8A20351F02B34100E526B3 /* SDHeader.h */ = {isa = PBXFileReference; fileEncoding = 4; lastKnownFileType = sourcecode.c.h; path = SDHeader.h; sourceTree = "<group>"; };
		EFF0E47B1F03E9E2008A337A /* SDChatViewController.h */ = {isa = PBXFileReference; fileEncoding = 4; lastKnownFileType = sourcecode.c.h; path = SDChatViewController.h; sourceTree = "<group>"; };
		EFF0E47C1F03E9E2008A337A /* SDChatViewController.m */ = {isa = PBXFileReference; fileEncoding = 4; lastKnownFileType = sourcecode.c.objc; path = SDChatViewController.m; sourceTree = "<group>"; };
		EFF0E47E1F03E9E2008A337A /* SDChatMessageConst.h */ = {isa = PBXFileReference; fileEncoding = 4; lastKnownFileType = sourcecode.c.h; path = SDChatMessageConst.h; sourceTree = "<group>"; };
		EFF0E47F1F03E9E2008A337A /* SDChatMessageConst.m */ = {isa = PBXFileReference; fileEncoding = 4; lastKnownFileType = sourcecode.c.objc; path = SDChatMessageConst.m; sourceTree = "<group>"; };
		EFF0E4821F03E9E2008A337A /* SDChatDetail.h */ = {isa = PBXFileReference; fileEncoding = 4; lastKnownFileType = sourcecode.c.h; path = SDChatDetail.h; sourceTree = "<group>"; };
		EFF0E4831F03E9E2008A337A /* SDChatDetail.m */ = {isa = PBXFileReference; fileEncoding = 4; lastKnownFileType = sourcecode.c.objc; path = SDChatDetail.m; sourceTree = "<group>"; };
		EFF0E4841F03E9E2008A337A /* SDChatDetailFrame.h */ = {isa = PBXFileReference; fileEncoding = 4; lastKnownFileType = sourcecode.c.h; path = SDChatDetailFrame.h; sourceTree = "<group>"; };
		EFF0E4851F03E9E2008A337A /* SDChatDetailFrame.m */ = {isa = PBXFileReference; fileEncoding = 4; lastKnownFileType = sourcecode.c.objc; path = SDChatDetailFrame.m; sourceTree = "<group>"; };
		EFF0E4861F03E9E2008A337A /* SDChatMessage.h */ = {isa = PBXFileReference; fileEncoding = 4; lastKnownFileType = sourcecode.c.h; path = SDChatMessage.h; sourceTree = "<group>"; };
		EFF0E4871F03E9E2008A337A /* SDChatMessage.m */ = {isa = PBXFileReference; fileEncoding = 4; lastKnownFileType = sourcecode.c.objc; path = SDChatMessage.m; sourceTree = "<group>"; };
		EFF0E4891F03E9E2008A337A /* SDChat.h */ = {isa = PBXFileReference; fileEncoding = 4; lastKnownFileType = sourcecode.c.h; path = SDChat.h; sourceTree = "<group>"; };
		EFF0E48A1F03E9E2008A337A /* SDChat.m */ = {isa = PBXFileReference; fileEncoding = 4; lastKnownFileType = sourcecode.c.objc; path = SDChat.m; sourceTree = "<group>"; };
		EFF0E48C1F03E9E2008A337A /* SDFaceModel.h */ = {isa = PBXFileReference; fileEncoding = 4; lastKnownFileType = sourcecode.c.h; path = SDFaceModel.h; sourceTree = "<group>"; };
		EFF0E48D1F03E9E2008A337A /* SDFaceModel.m */ = {isa = PBXFileReference; fileEncoding = 4; lastKnownFileType = sourcecode.c.objc; path = SDFaceModel.m; sourceTree = "<group>"; };
		EFF0E48F1F03E9E2008A337A /* NSString+Emoji.h */ = {isa = PBXFileReference; fileEncoding = 4; lastKnownFileType = sourcecode.c.h; path = "NSString+Emoji.h"; sourceTree = "<group>"; };
		EFF0E4901F03E9E2008A337A /* NSString+Emoji.m */ = {isa = PBXFileReference; fileEncoding = 4; lastKnownFileType = sourcecode.c.objc; path = "NSString+Emoji.m"; sourceTree = "<group>"; };
		EFF0E4911F03E9E2008A337A /* SDFaceArrTool.h */ = {isa = PBXFileReference; fileEncoding = 4; lastKnownFileType = sourcecode.c.h; path = SDFaceArrTool.h; sourceTree = "<group>"; };
		EFF0E4921F03E9E2008A337A /* SDFaceArrTool.m */ = {isa = PBXFileReference; fileEncoding = 4; lastKnownFileType = sourcecode.c.objc; path = SDFaceArrTool.m; sourceTree = "<group>"; };
		EFF0E4961F03E9E2008A337A /* SDChatDetailViewController.h */ = {isa = PBXFileReference; fileEncoding = 4; lastKnownFileType = sourcecode.c.h; path = SDChatDetailViewController.h; sourceTree = "<group>"; };
		EFF0E4971F03E9E2008A337A /* SDChatDetailViewController.m */ = {isa = PBXFileReference; fileEncoding = 4; lastKnownFileType = sourcecode.c.objc; path = SDChatDetailViewController.m; sourceTree = "<group>"; };
		EFF0E4991F03E9E2008A337A /* SDChatAddFileKeyBoardView.h */ = {isa = PBXFileReference; fileEncoding = 4; lastKnownFileType = sourcecode.c.h; path = SDChatAddFileKeyBoardView.h; sourceTree = "<group>"; };
		EFF0E49A1F03E9E2008A337A /* SDChatAddFileKeyBoardView.m */ = {isa = PBXFileReference; fileEncoding = 4; lastKnownFileType = sourcecode.c.objc; path = SDChatAddFileKeyBoardView.m; sourceTree = "<group>"; };
		EFF0E49B1F03E9E2008A337A /* SDChatConnectionTableViewCell.h */ = {isa = PBXFileReference; fileEncoding = 4; lastKnownFileType = sourcecode.c.h; path = SDChatConnectionTableViewCell.h; sourceTree = "<group>"; };
		EFF0E49C1F03E9E2008A337A /* SDChatConnectionTableViewCell.m */ = {isa = PBXFileReference; fileEncoding = 4; lastKnownFileType = sourcecode.c.objc; path = SDChatConnectionTableViewCell.m; sourceTree = "<group>"; };
		EFF0E49D1F03E9E2008A337A /* SDChatDetailTableView.h */ = {isa = PBXFileReference; fileEncoding = 4; lastKnownFileType = sourcecode.c.h; path = SDChatDetailTableView.h; sourceTree = "<group>"; };
		EFF0E49E1F03E9E2008A337A /* SDChatDetailTableView.m */ = {isa = PBXFileReference; fileEncoding = 4; lastKnownFileType = sourcecode.c.objc; path = SDChatDetailTableView.m; sourceTree = "<group>"; };
		EFF0E49F1F03E9E2008A337A /* SDChatDetailTableViewCell.h */ = {isa = PBXFileReference; fileEncoding = 4; lastKnownFileType = sourcecode.c.h; path = SDChatDetailTableViewCell.h; sourceTree = "<group>"; };
		EFF0E4A01F03E9E2008A337A /* SDChatDetailTableViewCell.m */ = {isa = PBXFileReference; fileEncoding = 4; lastKnownFileType = sourcecode.c.objc; path = SDChatDetailTableViewCell.m; sourceTree = "<group>"; };
		EFF0E4A21F03E9E2008A337A /* SDChatAddFacekeyBoardView.h */ = {isa = PBXFileReference; fileEncoding = 4; lastKnownFileType = sourcecode.c.h; path = SDChatAddFacekeyBoardView.h; sourceTree = "<group>"; };
		EFF0E4A31F03E9E2008A337A /* SDChatAddFacekeyBoardView.m */ = {isa = PBXFileReference; fileEncoding = 4; lastKnownFileType = sourcecode.c.objc; path = SDChatAddFacekeyBoardView.m; sourceTree = "<group>"; };
		EFF0E4A41F03E9E2008A337A /* SDFaceListView.h */ = {isa = PBXFileReference; fileEncoding = 4; lastKnownFileType = sourcecode.c.h; path = SDFaceListView.h; sourceTree = "<group>"; };
		EFF0E4A51F03E9E2008A337A /* SDFaceListView.m */ = {isa = PBXFileReference; fileEncoding = 4; lastKnownFileType = sourcecode.c.objc; path = SDFaceListView.m; sourceTree = "<group>"; };
		EFF0E4A61F03E9E2008A337A /* SDFaceToolBar.h */ = {isa = PBXFileReference; fileEncoding = 4; lastKnownFileType = sourcecode.c.h; path = SDFaceToolBar.h; sourceTree = "<group>"; };
		EFF0E4A71F03E9E2008A337A /* SDFaceToolBar.m */ = {isa = PBXFileReference; fileEncoding = 4; lastKnownFileType = sourcecode.c.objc; path = SDFaceToolBar.m; sourceTree = "<group>"; };
		EFF0E4A81F03E9E2008A337A /* SDFaceView.h */ = {isa = PBXFileReference; fileEncoding = 4; lastKnownFileType = sourcecode.c.h; path = SDFaceView.h; sourceTree = "<group>"; };
		EFF0E4A91F03E9E2008A337A /* SDFaceView.m */ = {isa = PBXFileReference; fileEncoding = 4; lastKnownFileType = sourcecode.c.objc; path = SDFaceView.m; sourceTree = "<group>"; };
		EFF0E4AA1F03E9E2008A337A /* SDFaceViewBtn.h */ = {isa = PBXFileReference; fileEncoding = 4; lastKnownFileType = sourcecode.c.h; path = SDFaceViewBtn.h; sourceTree = "<group>"; };
		EFF0E4AB1F03E9E2008A337A /* SDFaceViewBtn.m */ = {isa = PBXFileReference; fileEncoding = 4; lastKnownFileType = sourcecode.c.objc; path = SDFaceViewBtn.m; sourceTree = "<group>"; };
		EFF0E4AC1F03E9E2008A337A /* SDChatInputView.h */ = {isa = PBXFileReference; fileEncoding = 4; lastKnownFileType = sourcecode.c.h; path = SDChatInputView.h; sourceTree = "<group>"; };
		EFF0E4AD1F03E9E2008A337A /* SDChatInputView.m */ = {isa = PBXFileReference; fileEncoding = 4; lastKnownFileType = sourcecode.c.objc; path = SDChatInputView.m; sourceTree = "<group>"; };
		EFF0E4B21F03E9E2008A337A /* SDChatTableView.h */ = {isa = PBXFileReference; fileEncoding = 4; lastKnownFileType = sourcecode.c.h; path = SDChatTableView.h; sourceTree = "<group>"; };
		EFF0E4B31F03E9E2008A337A /* SDChatTableView.m */ = {isa = PBXFileReference; fileEncoding = 4; lastKnownFileType = sourcecode.c.objc; path = SDChatTableView.m; sourceTree = "<group>"; };
		EFF0E4B41F03E9E2008A337A /* SDChatTableViewCell.h */ = {isa = PBXFileReference; fileEncoding = 4; lastKnownFileType = sourcecode.c.h; path = SDChatTableViewCell.h; sourceTree = "<group>"; };
		EFF0E4B51F03E9E2008A337A /* SDChatTableViewCell.m */ = {isa = PBXFileReference; fileEncoding = 4; lastKnownFileType = sourcecode.c.objc; path = SDChatTableViewCell.m; sourceTree = "<group>"; };
		EFF0E4CF1F03EF3D008A337A /* SDPrefixHeader.pch */ = {isa = PBXFileReference; fileEncoding = 4; lastKnownFileType = sourcecode.c.h; path = SDPrefixHeader.pch; sourceTree = "<group>"; };
		EFF0E4D11F03F25C008A337A /* NSArray+NSLogLocale.h */ = {isa = PBXFileReference; fileEncoding = 4; lastKnownFileType = sourcecode.c.h; path = "NSArray+NSLogLocale.h"; sourceTree = "<group>"; };
		EFF0E4D21F03F25C008A337A /* NSArray+NSLogLocale.m */ = {isa = PBXFileReference; fileEncoding = 4; lastKnownFileType = sourcecode.c.objc; path = "NSArray+NSLogLocale.m"; sourceTree = "<group>"; };
		EFF0E4D31F03F25C008A337A /* NSDictionary+ChinesePrint.h */ = {isa = PBXFileReference; fileEncoding = 4; lastKnownFileType = sourcecode.c.h; path = "NSDictionary+ChinesePrint.h"; sourceTree = "<group>"; };
		EFF0E4D41F03F25C008A337A /* NSDictionary+ChinesePrint.m */ = {isa = PBXFileReference; fileEncoding = 4; lastKnownFileType = sourcecode.c.objc; path = "NSDictionary+ChinesePrint.m"; sourceTree = "<group>"; };
		EFF0E4D51F03F25C008A337A /* UIBarButtonItem+Extension.h */ = {isa = PBXFileReference; fileEncoding = 4; lastKnownFileType = sourcecode.c.h; path = "UIBarButtonItem+Extension.h"; sourceTree = "<group>"; };
		EFF0E4D61F03F25C008A337A /* UIBarButtonItem+Extension.m */ = {isa = PBXFileReference; fileEncoding = 4; lastKnownFileType = sourcecode.c.objc; path = "UIBarButtonItem+Extension.m"; sourceTree = "<group>"; };
		EFF0E4D71F03F25C008A337A /* UIButton+buton_Text.h */ = {isa = PBXFileReference; fileEncoding = 4; lastKnownFileType = sourcecode.c.h; path = "UIButton+buton_Text.h"; sourceTree = "<group>"; };
		EFF0E4D81F03F25C008A337A /* UIButton+buton_Text.m */ = {isa = PBXFileReference; fileEncoding = 4; lastKnownFileType = sourcecode.c.objc; path = "UIButton+buton_Text.m"; sourceTree = "<group>"; };
		EFF0E4D91F03F25C008A337A /* UIColor+UIColor_Hex.h */ = {isa = PBXFileReference; fileEncoding = 4; lastKnownFileType = sourcecode.c.h; path = "UIColor+UIColor_Hex.h"; sourceTree = "<group>"; };
		EFF0E4DA1F03F25C008A337A /* UIColor+UIColor_Hex.m */ = {isa = PBXFileReference; fileEncoding = 4; lastKnownFileType = sourcecode.c.objc; path = "UIColor+UIColor_Hex.m"; sourceTree = "<group>"; };
		EFF0E4DB1F03F25C008A337A /* UIImage+YFResizing.h */ = {isa = PBXFileReference; fileEncoding = 4; lastKnownFileType = sourcecode.c.h; path = "UIImage+YFResizing.h"; sourceTree = "<group>"; };
		EFF0E4DC1F03F25C008A337A /* UIImage+YFResizing.m */ = {isa = PBXFileReference; fileEncoding = 4; lastKnownFileType = sourcecode.c.objc; path = "UIImage+YFResizing.m"; sourceTree = "<group>"; };
		EFF0E4DD1F03F25C008A337A /* UIView+Extension.h */ = {isa = PBXFileReference; fileEncoding = 4; lastKnownFileType = sourcecode.c.h; path = "UIView+Extension.h"; sourceTree = "<group>"; };
		EFF0E4DE1F03F25C008A337A /* UIView+Extension.m */ = {isa = PBXFileReference; fileEncoding = 4; lastKnownFileType = sourcecode.c.objc; path = "UIView+Extension.m"; sourceTree = "<group>"; };
		EFF0E4E81F03FBA0008A337A /* LICENSE */ = {isa = PBXFileReference; fileEncoding = 4; lastKnownFileType = text; path = LICENSE; sourceTree = "<group>"; };
		EFF0E4EA1F03FBA0008A337A /* MJExtension.h */ = {isa = PBXFileReference; fileEncoding = 4; lastKnownFileType = sourcecode.c.h; path = MJExtension.h; sourceTree = "<group>"; };
		EFF0E4EB1F03FBA0008A337A /* MJExtensionConst.h */ = {isa = PBXFileReference; fileEncoding = 4; lastKnownFileType = sourcecode.c.h; path = MJExtensionConst.h; sourceTree = "<group>"; };
		EFF0E4EC1F03FBA0008A337A /* MJExtensionConst.m */ = {isa = PBXFileReference; fileEncoding = 4; lastKnownFileType = sourcecode.c.objc; path = MJExtensionConst.m; sourceTree = "<group>"; };
		EFF0E4ED1F03FBA0008A337A /* MJFoundation.h */ = {isa = PBXFileReference; fileEncoding = 4; lastKnownFileType = sourcecode.c.h; path = MJFoundation.h; sourceTree = "<group>"; };
		EFF0E4EE1F03FBA0008A337A /* MJFoundation.m */ = {isa = PBXFileReference; fileEncoding = 4; lastKnownFileType = sourcecode.c.objc; path = MJFoundation.m; sourceTree = "<group>"; };
		EFF0E4EF1F03FBA0008A337A /* MJProperty.h */ = {isa = PBXFileReference; fileEncoding = 4; lastKnownFileType = sourcecode.c.h; path = MJProperty.h; sourceTree = "<group>"; };
		EFF0E4F01F03FBA0008A337A /* MJProperty.m */ = {isa = PBXFileReference; fileEncoding = 4; lastKnownFileType = sourcecode.c.objc; path = MJProperty.m; sourceTree = "<group>"; };
		EFF0E4F11F03FBA0008A337A /* MJPropertyKey.h */ = {isa = PBXFileReference; fileEncoding = 4; lastKnownFileType = sourcecode.c.h; path = MJPropertyKey.h; sourceTree = "<group>"; };
		EFF0E4F21F03FBA0008A337A /* MJPropertyKey.m */ = {isa = PBXFileReference; fileEncoding = 4; lastKnownFileType = sourcecode.c.objc; path = MJPropertyKey.m; sourceTree = "<group>"; };
		EFF0E4F31F03FBA0008A337A /* MJPropertyType.h */ = {isa = PBXFileReference; fileEncoding = 4; lastKnownFileType = sourcecode.c.h; path = MJPropertyType.h; sourceTree = "<group>"; };
		EFF0E4F41F03FBA0008A337A /* MJPropertyType.m */ = {isa = PBXFileReference; fileEncoding = 4; lastKnownFileType = sourcecode.c.objc; path = MJPropertyType.m; sourceTree = "<group>"; };
		EFF0E4F51F03FBA0008A337A /* NSObject+MJClass.h */ = {isa = PBXFileReference; fileEncoding = 4; lastKnownFileType = sourcecode.c.h; path = "NSObject+MJClass.h"; sourceTree = "<group>"; };
		EFF0E4F61F03FBA0008A337A /* NSObject+MJClass.m */ = {isa = PBXFileReference; fileEncoding = 4; lastKnownFileType = sourcecode.c.objc; path = "NSObject+MJClass.m"; sourceTree = "<group>"; };
		EFF0E4F71F03FBA0008A337A /* NSObject+MJCoding.h */ = {isa = PBXFileReference; fileEncoding = 4; lastKnownFileType = sourcecode.c.h; path = "NSObject+MJCoding.h"; sourceTree = "<group>"; };
		EFF0E4F81F03FBA0008A337A /* NSObject+MJCoding.m */ = {isa = PBXFileReference; fileEncoding = 4; lastKnownFileType = sourcecode.c.objc; path = "NSObject+MJCoding.m"; sourceTree = "<group>"; };
		EFF0E4F91F03FBA0008A337A /* NSObject+MJKeyValue.h */ = {isa = PBXFileReference; fileEncoding = 4; lastKnownFileType = sourcecode.c.h; path = "NSObject+MJKeyValue.h"; sourceTree = "<group>"; };
		EFF0E4FA1F03FBA0008A337A /* NSObject+MJKeyValue.m */ = {isa = PBXFileReference; fileEncoding = 4; lastKnownFileType = sourcecode.c.objc; path = "NSObject+MJKeyValue.m"; sourceTree = "<group>"; };
		EFF0E4FB1F03FBA0008A337A /* NSObject+MJProperty.h */ = {isa = PBXFileReference; fileEncoding = 4; lastKnownFileType = sourcecode.c.h; path = "NSObject+MJProperty.h"; sourceTree = "<group>"; };
		EFF0E4FC1F03FBA0008A337A /* NSObject+MJProperty.m */ = {isa = PBXFileReference; fileEncoding = 4; lastKnownFileType = sourcecode.c.objc; path = "NSObject+MJProperty.m"; sourceTree = "<group>"; };
		EFF0E4FD1F03FBA0008A337A /* NSString+MJExtension.h */ = {isa = PBXFileReference; fileEncoding = 4; lastKnownFileType = sourcecode.c.h; path = "NSString+MJExtension.h"; sourceTree = "<group>"; };
		EFF0E4FE1F03FBA0008A337A /* NSString+MJExtension.m */ = {isa = PBXFileReference; fileEncoding = 4; lastKnownFileType = sourcecode.c.objc; path = "NSString+MJExtension.m"; sourceTree = "<group>"; };
		EFF0E4FF1F03FBA0008A337A /* README.md */ = {isa = PBXFileReference; fileEncoding = 4; lastKnownFileType = net.daringfireball.markdown; path = README.md; sourceTree = "<group>"; };
/* End PBXFileReference section */

/* Begin PBXFrameworksBuildPhase section */
		EF8A1F9F1F02B19300E526B3 /* Frameworks */ = {
			isa = PBXFrameworksBuildPhase;
			buildActionMask = 2147483647;
			files = (
			);
			runOnlyForDeploymentPostprocessing = 0;
		};
		EF8A1FB81F02B19300E526B3 /* Frameworks */ = {
			isa = PBXFrameworksBuildPhase;
			buildActionMask = 2147483647;
			files = (
			);
			runOnlyForDeploymentPostprocessing = 0;
		};
		EF8A1FC31F02B19300E526B3 /* Frameworks */ = {
			isa = PBXFrameworksBuildPhase;
			buildActionMask = 2147483647;
			files = (
			);
			runOnlyForDeploymentPostprocessing = 0;
		};
/* End PBXFrameworksBuildPhase section */

/* Begin PBXGroup section */
		EF8A1F991F02B19300E526B3 = {
			isa = PBXGroup;
			children = (
				EF8A1FA41F02B19300E526B3 /* SDChat */,
				EF8A1FBE1F02B19300E526B3 /* SDChatTests */,
				EF8A1FC91F02B19300E526B3 /* SDChatUITests */,
				EF8A1FA31F02B19300E526B3 /* Products */,
			);
			sourceTree = "<group>";
		};
		EF8A1FA31F02B19300E526B3 /* Products */ = {
			isa = PBXGroup;
			children = (
				EF8A1FA21F02B19300E526B3 /* SDChat.app */,
				EF8A1FBB1F02B19300E526B3 /* SDChatTests.xctest */,
				EF8A1FC61F02B19300E526B3 /* SDChatUITests.xctest */,
			);
			name = Products;
			sourceTree = "<group>";
		};
		EF8A1FA41F02B19300E526B3 /* SDChat */ = {
			isa = PBXGroup;
			children = (
				EFF0E4E61F03FB53008A337A /* SDLib_resource */,
				EFF0E4D01F03F25C008A337A /* Category+Extension  */,
				EFF0E47A1F03E9E2008A337A /* SDChatViewController */,
				EF8A1FA81F02B19300E526B3 /* AppDelegate.h */,
				EF8A1FA91F02B19300E526B3 /* AppDelegate.m */,
				EF8A1FAB1F02B19300E526B3 /* ViewController.h */,
				EF8A1FAC1F02B19300E526B3 /* ViewController.m */,
				EF8A20351F02B34100E526B3 /* SDHeader.h */,
				EFF0E4CF1F03EF3D008A337A /* SDPrefixHeader.pch */,
				EF8A1FAE1F02B19300E526B3 /* Main.storyboard */,
				EF8A1FB11F02B19300E526B3 /* Assets.xcassets */,
				EF8A1FB31F02B19300E526B3 /* LaunchScreen.storyboard */,
				EF8A1FB61F02B19300E526B3 /* Info.plist */,
				EF8A1FA51F02B19300E526B3 /* Supporting Files */,
			);
			path = SDChat;
			sourceTree = "<group>";
		};
		EF8A1FA51F02B19300E526B3 /* Supporting Files */ = {
			isa = PBXGroup;
			children = (
				EF8A1FA61F02B19300E526B3 /* main.m */,
			);
			name = "Supporting Files";
			sourceTree = "<group>";
		};
		EF8A1FBE1F02B19300E526B3 /* SDChatTests */ = {
			isa = PBXGroup;
			children = (
				EF8A1FBF1F02B19300E526B3 /* SDChatTests.m */,
				EF8A1FC11F02B19300E526B3 /* Info.plist */,
			);
			path = SDChatTests;
			sourceTree = "<group>";
		};
		EF8A1FC91F02B19300E526B3 /* SDChatUITests */ = {
			isa = PBXGroup;
			children = (
				EF8A1FCA1F02B19300E526B3 /* SDChatUITests.m */,
				EF8A1FCC1F02B19300E526B3 /* Info.plist */,
			);
			path = SDChatUITests;
			sourceTree = "<group>";
		};
		EFF0E47A1F03E9E2008A337A /* SDChatViewController */ = {
			isa = PBXGroup;
			children = (
				EFF0E47B1F03E9E2008A337A /* SDChatViewController.h */,
				EFF0E47C1F03E9E2008A337A /* SDChatViewController.m */,
				EFF0E47D1F03E9E2008A337A /* SDConfig */,
				EFF0E4801F03E9E2008A337A /* SDModels */,
				EFF0E48E1F03E9E2008A337A /* SDTools */,
				EFF0E4931F03E9E2008A337A /* SDViewControllers */,
				EFF0E4981F03E9E2008A337A /* SDViews */,
			);
			path = SDChatViewController;
			sourceTree = "<group>";
		};
		EFF0E47D1F03E9E2008A337A /* SDConfig */ = {
			isa = PBXGroup;
			children = (
				EFF0E47E1F03E9E2008A337A /* SDChatMessageConst.h */,
				EFF0E47F1F03E9E2008A337A /* SDChatMessageConst.m */,
			);
			path = SDConfig;
			sourceTree = "<group>";
		};
		EFF0E4801F03E9E2008A337A /* SDModels */ = {
			isa = PBXGroup;
			children = (
				EFF0E4811F03E9E2008A337A /* SDChatDetailModel */,
				EFF0E4881F03E9E2008A337A /* SDChatModel */,
				EFF0E48B1F03E9E2008A337A /* SDFaceModel */,
			);
			path = SDModels;
			sourceTree = "<group>";
		};
		EFF0E4811F03E9E2008A337A /* SDChatDetailModel */ = {
			isa = PBXGroup;
			children = (
				EFF0E4821F03E9E2008A337A /* SDChatDetail.h */,
				EFF0E4831F03E9E2008A337A /* SDChatDetail.m */,
				EFF0E4841F03E9E2008A337A /* SDChatDetailFrame.h */,
				EFF0E4851F03E9E2008A337A /* SDChatDetailFrame.m */,
				EFF0E4861F03E9E2008A337A /* SDChatMessage.h */,
				EFF0E4871F03E9E2008A337A /* SDChatMessage.m */,
			);
			path = SDChatDetailModel;
			sourceTree = "<group>";
		};
		EFF0E4881F03E9E2008A337A /* SDChatModel */ = {
			isa = PBXGroup;
			children = (
				EFF0E4891F03E9E2008A337A /* SDChat.h */,
				EFF0E48A1F03E9E2008A337A /* SDChat.m */,
			);
			path = SDChatModel;
			sourceTree = "<group>";
		};
		EFF0E48B1F03E9E2008A337A /* SDFaceModel */ = {
			isa = PBXGroup;
			children = (
				EFF0E48C1F03E9E2008A337A /* SDFaceModel.h */,
				EFF0E48D1F03E9E2008A337A /* SDFaceModel.m */,
			);
			path = SDFaceModel;
			sourceTree = "<group>";
		};
		EFF0E48E1F03E9E2008A337A /* SDTools */ = {
			isa = PBXGroup;
			children = (
				EFF0E48F1F03E9E2008A337A /* NSString+Emoji.h */,
				EFF0E4901F03E9E2008A337A /* NSString+Emoji.m */,
				EFF0E4911F03E9E2008A337A /* SDFaceArrTool.h */,
				EFF0E4921F03E9E2008A337A /* SDFaceArrTool.m */,
			);
			path = SDTools;
			sourceTree = "<group>";
		};
		EFF0E4931F03E9E2008A337A /* SDViewControllers */ = {
			isa = PBXGroup;
			children = (
				EFF0E4961F03E9E2008A337A /* SDChatDetailViewController.h */,
				EFF0E4971F03E9E2008A337A /* SDChatDetailViewController.m */,
			);
			path = SDViewControllers;
			sourceTree = "<group>";
		};
		EFF0E4981F03E9E2008A337A /* SDViews */ = {
			isa = PBXGroup;
			children = (
				EFF0E4991F03E9E2008A337A /* SDChatAddFileKeyBoardView.h */,
				EFF0E49A1F03E9E2008A337A /* SDChatAddFileKeyBoardView.m */,
				EFF0E49B1F03E9E2008A337A /* SDChatConnectionTableViewCell.h */,
				EFF0E49C1F03E9E2008A337A /* SDChatConnectionTableViewCell.m */,
				EFF0E49D1F03E9E2008A337A /* SDChatDetailTableView.h */,
				EFF0E49E1F03E9E2008A337A /* SDChatDetailTableView.m */,
				EFF0E49F1F03E9E2008A337A /* SDChatDetailTableViewCell.h */,
				EFF0E4A01F03E9E2008A337A /* SDChatDetailTableViewCell.m */,
				EFF0E4A11F03E9E2008A337A /* SDChatFace */,
				EFF0E4AC1F03E9E2008A337A /* SDChatInputView.h */,
				EFF0E4AD1F03E9E2008A337A /* SDChatInputView.m */,
				EFF0E4B21F03E9E2008A337A /* SDChatTableView.h */,
				EFF0E4B31F03E9E2008A337A /* SDChatTableView.m */,
				EFF0E4B41F03E9E2008A337A /* SDChatTableViewCell.h */,
				EFF0E4B51F03E9E2008A337A /* SDChatTableViewCell.m */,
			);
			path = SDViews;
			sourceTree = "<group>";
		};
		EFF0E4A11F03E9E2008A337A /* SDChatFace */ = {
			isa = PBXGroup;
			children = (
				EFF0E4A21F03E9E2008A337A /* SDChatAddFacekeyBoardView.h */,
				EFF0E4A31F03E9E2008A337A /* SDChatAddFacekeyBoardView.m */,
				EFF0E4A41F03E9E2008A337A /* SDFaceListView.h */,
				EFF0E4A51F03E9E2008A337A /* SDFaceListView.m */,
				EFF0E4A61F03E9E2008A337A /* SDFaceToolBar.h */,
				EFF0E4A71F03E9E2008A337A /* SDFaceToolBar.m */,
				EFF0E4A81F03E9E2008A337A /* SDFaceView.h */,
				EFF0E4A91F03E9E2008A337A /* SDFaceView.m */,
				EFF0E4AA1F03E9E2008A337A /* SDFaceViewBtn.h */,
				EFF0E4AB1F03E9E2008A337A /* SDFaceViewBtn.m */,
			);
			path = SDChatFace;
			sourceTree = "<group>";
		};
		EFF0E4D01F03F25C008A337A /* Category+Extension  */ = {
			isa = PBXGroup;
			children = (
				EFF0E4D11F03F25C008A337A /* NSArray+NSLogLocale.h */,
				EFF0E4D21F03F25C008A337A /* NSArray+NSLogLocale.m */,
				EFF0E4D31F03F25C008A337A /* NSDictionary+ChinesePrint.h */,
				EFF0E4D41F03F25C008A337A /* NSDictionary+ChinesePrint.m */,
				EFF0E4D51F03F25C008A337A /* UIBarButtonItem+Extension.h */,
				EFF0E4D61F03F25C008A337A /* UIBarButtonItem+Extension.m */,
				EFF0E4D71F03F25C008A337A /* UIButton+buton_Text.h */,
				EFF0E4D81F03F25C008A337A /* UIButton+buton_Text.m */,
				EFF0E4D91F03F25C008A337A /* UIColor+UIColor_Hex.h */,
				EFF0E4DA1F03F25C008A337A /* UIColor+UIColor_Hex.m */,
				EFF0E4DB1F03F25C008A337A /* UIImage+YFResizing.h */,
				EFF0E4DC1F03F25C008A337A /* UIImage+YFResizing.m */,
				EFF0E4DD1F03F25C008A337A /* UIView+Extension.h */,
				EFF0E4DE1F03F25C008A337A /* UIView+Extension.m */,
			);
			path = "Category+Extension ";
			sourceTree = "<group>";
		};
		EFF0E4E61F03FB53008A337A /* SDLib_resource */ = {
			isa = PBXGroup;
			children = (
				EFF0E4E71F03FBA0008A337A /* MJExtension */,
			);
			path = SDLib_resource;
			sourceTree = "<group>";
		};
		EFF0E4E71F03FBA0008A337A /* MJExtension */ = {
			isa = PBXGroup;
			children = (
				EFF0E4E81F03FBA0008A337A /* LICENSE */,
				EFF0E4E91F03FBA0008A337A /* MJExtension */,
				EFF0E4FF1F03FBA0008A337A /* README.md */,
			);
			path = MJExtension;
			sourceTree = "<group>";
		};
		EFF0E4E91F03FBA0008A337A /* MJExtension */ = {
			isa = PBXGroup;
			children = (
				EFF0E4EA1F03FBA0008A337A /* MJExtension.h */,
				EFF0E4EB1F03FBA0008A337A /* MJExtensionConst.h */,
				EFF0E4EC1F03FBA0008A337A /* MJExtensionConst.m */,
				EFF0E4ED1F03FBA0008A337A /* MJFoundation.h */,
				EFF0E4EE1F03FBA0008A337A /* MJFoundation.m */,
				EFF0E4EF1F03FBA0008A337A /* MJProperty.h */,
				EFF0E4F01F03FBA0008A337A /* MJProperty.m */,
				EFF0E4F11F03FBA0008A337A /* MJPropertyKey.h */,
				EFF0E4F21F03FBA0008A337A /* MJPropertyKey.m */,
				EFF0E4F31F03FBA0008A337A /* MJPropertyType.h */,
				EFF0E4F41F03FBA0008A337A /* MJPropertyType.m */,
				EFF0E4F51F03FBA0008A337A /* NSObject+MJClass.h */,
				EFF0E4F61F03FBA0008A337A /* NSObject+MJClass.m */,
				EFF0E4F71F03FBA0008A337A /* NSObject+MJCoding.h */,
				EFF0E4F81F03FBA0008A337A /* NSObject+MJCoding.m */,
				EFF0E4F91F03FBA0008A337A /* NSObject+MJKeyValue.h */,
				EFF0E4FA1F03FBA0008A337A /* NSObject+MJKeyValue.m */,
				EFF0E4FB1F03FBA0008A337A /* NSObject+MJProperty.h */,
				EFF0E4FC1F03FBA0008A337A /* NSObject+MJProperty.m */,
				EFF0E4FD1F03FBA0008A337A /* NSString+MJExtension.h */,
				EFF0E4FE1F03FBA0008A337A /* NSString+MJExtension.m */,
			);
			path = MJExtension;
			sourceTree = "<group>";
		};
/* End PBXGroup section */

/* Begin PBXNativeTarget section */
		EF8A1FA11F02B19300E526B3 /* SDChat */ = {
			isa = PBXNativeTarget;
			buildConfigurationList = EF8A1FCF1F02B19300E526B3 /* Build configuration list for PBXNativeTarget "SDChat" */;
			buildPhases = (
				EF8A1F9E1F02B19300E526B3 /* Sources */,
				EF8A1F9F1F02B19300E526B3 /* Frameworks */,
				EF8A1FA01F02B19300E526B3 /* Resources */,
			);
			buildRules = (
			);
			dependencies = (
			);
			name = SDChat;
			productName = SDChat;
			productReference = EF8A1FA21F02B19300E526B3 /* SDChat.app */;
			productType = "com.apple.product-type.application";
		};
		EF8A1FBA1F02B19300E526B3 /* SDChatTests */ = {
			isa = PBXNativeTarget;
			buildConfigurationList = EF8A1FD21F02B19300E526B3 /* Build configuration list for PBXNativeTarget "SDChatTests" */;
			buildPhases = (
				EF8A1FB71F02B19300E526B3 /* Sources */,
				EF8A1FB81F02B19300E526B3 /* Frameworks */,
				EF8A1FB91F02B19300E526B3 /* Resources */,
			);
			buildRules = (
			);
			dependencies = (
				EF8A1FBD1F02B19300E526B3 /* PBXTargetDependency */,
			);
			name = SDChatTests;
			productName = SDChatTests;
			productReference = EF8A1FBB1F02B19300E526B3 /* SDChatTests.xctest */;
			productType = "com.apple.product-type.bundle.unit-test";
		};
		EF8A1FC51F02B19300E526B3 /* SDChatUITests */ = {
			isa = PBXNativeTarget;
			buildConfigurationList = EF8A1FD51F02B19300E526B3 /* Build configuration list for PBXNativeTarget "SDChatUITests" */;
			buildPhases = (
				EF8A1FC21F02B19300E526B3 /* Sources */,
				EF8A1FC31F02B19300E526B3 /* Frameworks */,
				EF8A1FC41F02B19300E526B3 /* Resources */,
			);
			buildRules = (
			);
			dependencies = (
				EF8A1FC81F02B19300E526B3 /* PBXTargetDependency */,
			);
			name = SDChatUITests;
			productName = SDChatUITests;
			productReference = EF8A1FC61F02B19300E526B3 /* SDChatUITests.xctest */;
			productType = "com.apple.product-type.bundle.ui-testing";
		};
/* End PBXNativeTarget section */

/* Begin PBXProject section */
		EF8A1F9A1F02B19300E526B3 /* Project object */ = {
			isa = PBXProject;
			attributes = {
				LastUpgradeCheck = 0830;
				ORGANIZATIONNAME = slowdony;
				TargetAttributes = {
					EF8A1FA11F02B19300E526B3 = {
						CreatedOnToolsVersion = 8.3.3;
						ProvisioningStyle = Automatic;
					};
					EF8A1FBA1F02B19300E526B3 = {
						CreatedOnToolsVersion = 8.3.3;
						ProvisioningStyle = Automatic;
						TestTargetID = EF8A1FA11F02B19300E526B3;
					};
					EF8A1FC51F02B19300E526B3 = {
						CreatedOnToolsVersion = 8.3.3;
						ProvisioningStyle = Automatic;
						TestTargetID = EF8A1FA11F02B19300E526B3;
					};
				};
			};
			buildConfigurationList = EF8A1F9D1F02B19300E526B3 /* Build configuration list for PBXProject "SDChat" */;
			compatibilityVersion = "Xcode 3.2";
			developmentRegion = English;
			hasScannedForEncodings = 0;
			knownRegions = (
				en,
				Base,
			);
			mainGroup = EF8A1F991F02B19300E526B3;
			productRefGroup = EF8A1FA31F02B19300E526B3 /* Products */;
			projectDirPath = "";
			projectRoot = "";
			targets = (
				EF8A1FA11F02B19300E526B3 /* SDChat */,
				EF8A1FBA1F02B19300E526B3 /* SDChatTests */,
				EF8A1FC51F02B19300E526B3 /* SDChatUITests */,
			);
		};
/* End PBXProject section */

/* Begin PBXResourcesBuildPhase section */
		EF8A1FA01F02B19300E526B3 /* Resources */ = {
			isa = PBXResourcesBuildPhase;
			buildActionMask = 2147483647;
			files = (
				EF8A1FB51F02B19300E526B3 /* LaunchScreen.storyboard in Resources */,
				EF8A1FB21F02B19300E526B3 /* Assets.xcassets in Resources */,
				EFF0E5001F03FBA0008A337A /* LICENSE in Resources */,
				EF8A1FB01F02B19300E526B3 /* Main.storyboard in Resources */,
			);
			runOnlyForDeploymentPostprocessing = 0;
		};
		EF8A1FB91F02B19300E526B3 /* Resources */ = {
			isa = PBXResourcesBuildPhase;
			buildActionMask = 2147483647;
			files = (
			);
			runOnlyForDeploymentPostprocessing = 0;
		};
		EF8A1FC41F02B19300E526B3 /* Resources */ = {
			isa = PBXResourcesBuildPhase;
			buildActionMask = 2147483647;
			files = (
			);
			runOnlyForDeploymentPostprocessing = 0;
		};
/* End PBXResourcesBuildPhase section */

/* Begin PBXSourcesBuildPhase section */
		EF8A1F9E1F02B19300E526B3 /* Sources */ = {
			isa = PBXSourcesBuildPhase;
			buildActionMask = 2147483647;
			files = (
				EFF0E4E21F03F25C008A337A /* UIButton+buton_Text.m in Sources */,
				EFF0E5011F03FBA0008A337A /* MJExtensionConst.m in Sources */,
				EFF0E4C41F03E9E2008A337A /* SDChatDetailTableViewCell.m in Sources */,
				EFF0E5081F03FBA0008A337A /* NSObject+MJKeyValue.m in Sources */,
				EFF0E5071F03FBA0008A337A /* NSObject+MJCoding.m in Sources */,
				EFF0E5041F03FBA0008A337A /* MJPropertyKey.m in Sources */,
				EFF0E4CE1F03E9E2008A337A /* SDChatTableViewCell.m in Sources */,
				EFF0E4C11F03E9E2008A337A /* SDChatAddFileKeyBoardView.m in Sources */,
				EFF0E4E31F03F25C008A337A /* UIColor+UIColor_Hex.m in Sources */,
				EFF0E4CD1F03E9E2008A337A /* SDChatTableView.m in Sources */,
				EFF0E5021F03FBA0008A337A /* MJFoundation.m in Sources */,
				EFF0E4E41F03F25C008A337A /* UIImage+YFResizing.m in Sources */,
				EFF0E4B71F03E9E2008A337A /* SDChatMessageConst.m in Sources */,
				EFF0E4C61F03E9E2008A337A /* SDFaceListView.m in Sources */,
				EFF0E4E51F03F25C008A337A /* UIView+Extension.m in Sources */,
				EFF0E4C01F03E9E2008A337A /* SDChatDetailViewController.m in Sources */,
				EFF0E4CA1F03E9E2008A337A /* SDChatInputView.m in Sources */,
				EFF0E4C51F03E9E2008A337A /* SDChatAddFacekeyBoardView.m in Sources */,
				EFF0E4C71F03E9E2008A337A /* SDFaceToolBar.m in Sources */,
				EFF0E4C21F03E9E2008A337A /* SDChatConnectionTableViewCell.m in Sources */,
				EFF0E4B91F03E9E2008A337A /* SDChatDetailFrame.m in Sources */,
				EFF0E4E11F03F25C008A337A /* UIBarButtonItem+Extension.m in Sources */,
				EF8A1FAD1F02B19300E526B3 /* ViewController.m in Sources */,
				EFF0E4C31F03E9E2008A337A /* SDChatDetailTableView.m in Sources */,
				EFF0E4C81F03E9E2008A337A /* SDFaceView.m in Sources */,
				EFF0E4E01F03F25C008A337A /* NSDictionary+ChinesePrint.m in Sources */,
				EFF0E50A1F03FBA0008A337A /* NSString+MJExtension.m in Sources */,
				EFF0E4BE1F03E9E2008A337A /* SDFaceArrTool.m in Sources */,
				EFF0E4BD1F03E9E2008A337A /* NSString+Emoji.m in Sources */,
				EFF0E5061F03FBA0008A337A /* NSObject+MJClass.m in Sources */,
				EFF0E4BC1F03E9E2008A337A /* SDFaceModel.m in Sources */,
				EF8A1FAA1F02B19300E526B3 /* AppDelegate.m in Sources */,
				EF8A1FA71F02B19300E526B3 /* main.m in Sources */,
				EFF0E4B61F03E9E2008A337A /* SDChatViewController.m in Sources */,
				EFF0E5051F03FBA0008A337A /* MJPropertyType.m in Sources */,
				EFF0E4BA1F03E9E2008A337A /* SDChatMessage.m in Sources */,
				EFF0E5031F03FBA0008A337A /* MJProperty.m in Sources */,
				EFF0E5091F03FBA0008A337A /* NSObject+MJProperty.m in Sources */,
				EFF0E4C91F03E9E2008A337A /* SDFaceViewBtn.m in Sources */,
				EFF0E4DF1F03F25C008A337A /* NSArray+NSLogLocale.m in Sources */,
				EFF0E4BB1F03E9E2008A337A /* SDChat.m in Sources */,
				EFF0E50B1F03FBA0008A337A /* README.md in Sources */,
				EFF0E4B81F03E9E2008A337A /* SDChatDetail.m in Sources */,
			);
			runOnlyForDeploymentPostprocessing = 0;
		};
		EF8A1FB71F02B19300E526B3 /* Sources */ = {
			isa = PBXSourcesBuildPhase;
			buildActionMask = 2147483647;
			files = (
				EF8A1FC01F02B19300E526B3 /* SDChatTests.m in Sources */,
			);
			runOnlyForDeploymentPostprocessing = 0;
		};
		EF8A1FC21F02B19300E526B3 /* Sources */ = {
			isa = PBXSourcesBuildPhase;
			buildActionMask = 2147483647;
			files = (
				EF8A1FCB1F02B19300E526B3 /* SDChatUITests.m in Sources */,
			);
			runOnlyForDeploymentPostprocessing = 0;
		};
/* End PBXSourcesBuildPhase section */

/* Begin PBXTargetDependency section */
		EF8A1FBD1F02B19300E526B3 /* PBXTargetDependency */ = {
			isa = PBXTargetDependency;
			target = EF8A1FA11F02B19300E526B3 /* SDChat */;
			targetProxy = EF8A1FBC1F02B19300E526B3 /* PBXContainerItemProxy */;
		};
		EF8A1FC81F02B19300E526B3 /* PBXTargetDependency */ = {
			isa = PBXTargetDependency;
			target = EF8A1FA11F02B19300E526B3 /* SDChat */;
			targetProxy = EF8A1FC71F02B19300E526B3 /* PBXContainerItemProxy */;
		};
/* End PBXTargetDependency section */

/* Begin PBXVariantGroup section */
		EF8A1FAE1F02B19300E526B3 /* Main.storyboard */ = {
			isa = PBXVariantGroup;
			children = (
				EF8A1FAF1F02B19300E526B3 /* Base */,
			);
			name = Main.storyboard;
			sourceTree = "<group>";
		};
		EF8A1FB31F02B19300E526B3 /* LaunchScreen.storyboard */ = {
			isa = PBXVariantGroup;
			children = (
				EF8A1FB41F02B19300E526B3 /* Base */,
			);
			name = LaunchScreen.storyboard;
			sourceTree = "<group>";
		};
/* End PBXVariantGroup section */

/* Begin XCBuildConfiguration section */
		EF8A1FCD1F02B19300E526B3 /* Debug */ = {
			isa = XCBuildConfiguration;
			buildSettings = {
				ALWAYS_SEARCH_USER_PATHS = NO;
				CLANG_ANALYZER_NONNULL = YES;
				CLANG_ANALYZER_NUMBER_OBJECT_CONVERSION = YES_AGGRESSIVE;
				CLANG_CXX_LANGUAGE_STANDARD = "gnu++0x";
				CLANG_CXX_LIBRARY = "libc++";
				CLANG_ENABLE_MODULES = YES;
				CLANG_ENABLE_OBJC_ARC = YES;
				CLANG_WARN_BOOL_CONVERSION = YES;
				CLANG_WARN_CONSTANT_CONVERSION = YES;
				CLANG_WARN_DIRECT_OBJC_ISA_USAGE = YES_ERROR;
				CLANG_WARN_DOCUMENTATION_COMMENTS = YES;
				CLANG_WARN_EMPTY_BODY = YES;
				CLANG_WARN_ENUM_CONVERSION = YES;
				CLANG_WARN_INFINITE_RECURSION = YES;
				CLANG_WARN_INT_CONVERSION = YES;
				CLANG_WARN_OBJC_ROOT_CLASS = YES_ERROR;
				CLANG_WARN_SUSPICIOUS_MOVE = YES;
				CLANG_WARN_UNREACHABLE_CODE = YES;
				CLANG_WARN__DUPLICATE_METHOD_MATCH = YES;
				"CODE_SIGN_IDENTITY[sdk=iphoneos*]" = "iPhone Developer";
				COPY_PHASE_STRIP = NO;
				DEBUG_INFORMATION_FORMAT = dwarf;
				ENABLE_STRICT_OBJC_MSGSEND = YES;
				ENABLE_TESTABILITY = YES;
				GCC_C_LANGUAGE_STANDARD = gnu99;
				GCC_DYNAMIC_NO_PIC = NO;
				GCC_NO_COMMON_BLOCKS = YES;
				GCC_OPTIMIZATION_LEVEL = 0;
				GCC_PREPROCESSOR_DEFINITIONS = (
					"DEBUG=1",
					"$(inherited)",
				);
				GCC_WARN_64_TO_32_BIT_CONVERSION = YES;
				GCC_WARN_ABOUT_RETURN_TYPE = YES_ERROR;
				GCC_WARN_UNDECLARED_SELECTOR = YES;
				GCC_WARN_UNINITIALIZED_AUTOS = YES_AGGRESSIVE;
				GCC_WARN_UNUSED_FUNCTION = YES;
				GCC_WARN_UNUSED_VARIABLE = YES;
				IPHONEOS_DEPLOYMENT_TARGET = 10.3;
				MTL_ENABLE_DEBUG_INFO = YES;
				ONLY_ACTIVE_ARCH = YES;
				SDKROOT = iphoneos;
			};
			name = Debug;
		};
		EF8A1FCE1F02B19300E526B3 /* Release */ = {
			isa = XCBuildConfiguration;
			buildSettings = {
				ALWAYS_SEARCH_USER_PATHS = NO;
				CLANG_ANALYZER_NONNULL = YES;
				CLANG_ANALYZER_NUMBER_OBJECT_CONVERSION = YES_AGGRESSIVE;
				CLANG_CXX_LANGUAGE_STANDARD = "gnu++0x";
				CLANG_CXX_LIBRARY = "libc++";
				CLANG_ENABLE_MODULES = YES;
				CLANG_ENABLE_OBJC_ARC = YES;
				CLANG_WARN_BOOL_CONVERSION = YES;
				CLANG_WARN_CONSTANT_CONVERSION = YES;
				CLANG_WARN_DIRECT_OBJC_ISA_USAGE = YES_ERROR;
				CLANG_WARN_DOCUMENTATION_COMMENTS = YES;
				CLANG_WARN_EMPTY_BODY = YES;
				CLANG_WARN_ENUM_CONVERSION = YES;
				CLANG_WARN_INFINITE_RECURSION = YES;
				CLANG_WARN_INT_CONVERSION = YES;
				CLANG_WARN_OBJC_ROOT_CLASS = YES_ERROR;
				CLANG_WARN_SUSPICIOUS_MOVE = YES;
				CLANG_WARN_UNREACHABLE_CODE = YES;
				CLANG_WARN__DUPLICATE_METHOD_MATCH = YES;
				"CODE_SIGN_IDENTITY[sdk=iphoneos*]" = "iPhone Developer";
				COPY_PHASE_STRIP = NO;
				DEBUG_INFORMATION_FORMAT = "dwarf-with-dsym";
				ENABLE_NS_ASSERTIONS = NO;
				ENABLE_STRICT_OBJC_MSGSEND = YES;
				GCC_C_LANGUAGE_STANDARD = gnu99;
				GCC_NO_COMMON_BLOCKS = YES;
				GCC_WARN_64_TO_32_BIT_CONVERSION = YES;
				GCC_WARN_ABOUT_RETURN_TYPE = YES_ERROR;
				GCC_WARN_UNDECLARED_SELECTOR = YES;
				GCC_WARN_UNINITIALIZED_AUTOS = YES_AGGRESSIVE;
				GCC_WARN_UNUSED_FUNCTION = YES;
				GCC_WARN_UNUSED_VARIABLE = YES;
				IPHONEOS_DEPLOYMENT_TARGET = 10.3;
				MTL_ENABLE_DEBUG_INFO = NO;
				SDKROOT = iphoneos;
				VALIDATE_PRODUCT = YES;
			};
			name = Release;
		};
		EF8A1FD01F02B19300E526B3 /* Debug */ = {
			isa = XCBuildConfiguration;
			buildSettings = {
				ASSETCATALOG_COMPILER_APPICON_NAME = AppIcon;
				GCC_PRECOMPILE_PREFIX_HEADER = YES;
				GCC_PREFIX_HEADER = "$(SRCROOT)/SDChat/SDPrefixHeader.pch";
				INFOPLIST_FILE = SDChat/Info.plist;
				LD_RUNPATH_SEARCH_PATHS = "$(inherited) @executable_path/Frameworks";
				PRODUCT_BUNDLE_IDENTIFIER = slowdony.SDChat;
				PRODUCT_NAME = "$(TARGET_NAME)";
			};
			name = Debug;
		};
		EF8A1FD11F02B19300E526B3 /* Release */ = {
			isa = XCBuildConfiguration;
			buildSettings = {
				ASSETCATALOG_COMPILER_APPICON_NAME = AppIcon;
				GCC_PRECOMPILE_PREFIX_HEADER = YES;
				GCC_PREFIX_HEADER = "$(SRCROOT)/SDChat/SDPrefixHeader.pch";
				INFOPLIST_FILE = SDChat/Info.plist;
				LD_RUNPATH_SEARCH_PATHS = "$(inherited) @executable_path/Frameworks";
				PRODUCT_BUNDLE_IDENTIFIER = slowdony.SDChat;
				PRODUCT_NAME = "$(TARGET_NAME)";
			};
			name = Release;
		};
		EF8A1FD31F02B19300E526B3 /* Debug */ = {
			isa = XCBuildConfiguration;
			buildSettings = {
				BUNDLE_LOADER = "$(TEST_HOST)";
				INFOPLIST_FILE = SDChatTests/Info.plist;
				LD_RUNPATH_SEARCH_PATHS = "$(inherited) @executable_path/Frameworks @loader_path/Frameworks";
				PRODUCT_BUNDLE_IDENTIFIER = slowdony.SDChatTests;
				PRODUCT_NAME = "$(TARGET_NAME)";
				TEST_HOST = "$(BUILT_PRODUCTS_DIR)/SDChat.app/SDChat";
			};
			name = Debug;
		};
		EF8A1FD41F02B19300E526B3 /* Release */ = {
			isa = XCBuildConfiguration;
			buildSettings = {
				BUNDLE_LOADER = "$(TEST_HOST)";
				INFOPLIST_FILE = SDChatTests/Info.plist;
				LD_RUNPATH_SEARCH_PATHS = "$(inherited) @executable_path/Frameworks @loader_path/Frameworks";
				PRODUCT_BUNDLE_IDENTIFIER = slowdony.SDChatTests;
				PRODUCT_NAME = "$(TARGET_NAME)";
				TEST_HOST = "$(BUILT_PRODUCTS_DIR)/SDChat.app/SDChat";
			};
			name = Release;
		};
		EF8A1FD61F02B19300E526B3 /* Debug */ = {
			isa = XCBuildConfiguration;
			buildSettings = {
				INFOPLIST_FILE = SDChatUITests/Info.plist;
				LD_RUNPATH_SEARCH_PATHS = "$(inherited) @executable_path/Frameworks @loader_path/Frameworks";
				PRODUCT_BUNDLE_IDENTIFIER = slowdony.SDChatUITests;
				PRODUCT_NAME = "$(TARGET_NAME)";
				TEST_TARGET_NAME = SDChat;
			};
			name = Debug;
		};
		EF8A1FD71F02B19300E526B3 /* Release */ = {
			isa = XCBuildConfiguration;
			buildSettings = {
				INFOPLIST_FILE = SDChatUITests/Info.plist;
				LD_RUNPATH_SEARCH_PATHS = "$(inherited) @executable_path/Frameworks @loader_path/Frameworks";
				PRODUCT_BUNDLE_IDENTIFIER = slowdony.SDChatUITests;
				PRODUCT_NAME = "$(TARGET_NAME)";
				TEST_TARGET_NAME = SDChat;
			};
			name = Release;
		};
/* End XCBuildConfiguration section */

/* Begin XCConfigurationList section */
		EF8A1F9D1F02B19300E526B3 /* Build configuration list for PBXProject "SDChat" */ = {
			isa = XCConfigurationList;
			buildConfigurations = (
				EF8A1FCD1F02B19300E526B3 /* Debug */,
				EF8A1FCE1F02B19300E526B3 /* Release */,
			);
			defaultConfigurationIsVisible = 0;
			defaultConfigurationName = Release;
		};
		EF8A1FCF1F02B19300E526B3 /* Build configuration list for PBXNativeTarget "SDChat" */ = {
			isa = XCConfigurationList;
			buildConfigurations = (
				EF8A1FD01F02B19300E526B3 /* Debug */,
				EF8A1FD11F02B19300E526B3 /* Release */,
			);
			defaultConfigurationIsVisible = 0;
			defaultConfigurationName = Release;
		};
		EF8A1FD21F02B19300E526B3 /* Build configuration list for PBXNativeTarget "SDChatTests" */ = {
			isa = XCConfigurationList;
			buildConfigurations = (
				EF8A1FD31F02B19300E526B3 /* Debug */,
				EF8A1FD41F02B19300E526B3 /* Release */,
			);
			defaultConfigurationIsVisible = 0;
			defaultConfigurationName = Release;
		};
		EF8A1FD51F02B19300E526B3 /* Build configuration list for PBXNativeTarget "SDChatUITests" */ = {
			isa = XCConfigurationList;
			buildConfigurations = (
				EF8A1FD61F02B19300E526B3 /* Debug */,
				EF8A1FD71F02B19300E526B3 /* Release */,
			);
			defaultConfigurationIsVisible = 0;
			defaultConfigurationName = Release;
		};
/* End XCConfigurationList section */
	};
	rootObject = EF8A1F9A1F02B19300E526B3 /* Project object */;
}
